// !$*UTF8*$!
{
	archiveVersion = 1;
	classes = {
	};
	objectVersion = 77;
	objects = {

/* Begin PBXBuildFile section */
		AC9ABE1E2E54F86700747C83 /* WeatherView.swift in Sources */ = {isa = PBXBuildFile; fileRef = AC9ABE1D2E54F86700747C83 /* WeatherView.swift */; };
		AC9ABE202E54F89000747C83 /* InsightsView.swift in Sources */ = {isa = PBXBuildFile; fileRef = AC9ABE1F2E54F89000747C83 /* InsightsView.swift */; };
		AC9ABE252E54FA8800747C83 /* RotatingGearsLoadingView.swift in Sources */ = {isa = PBXBuildFile; fileRef = AC9ABE242E54FA8800747C83 /* RotatingGearsLoadingView.swift */; };
		AC9ABE272E54FAD600747C83 /* LeafLoadingView.swift in Sources */ = {isa = PBXBuildFile; fileRef = AC9ABE262E54FAD600747C83 /* LeafLoadingView.swift */; };
		AC9ABE292E54FAFC00747C83 /* TreeLoadingView.swift in Sources */ = {isa = PBXBuildFile; fileRef = AC9ABE282E54FAFB00747C83 /* TreeLoadingView.swift */; };
		AC9ABE2C2E54FBE200747C83 /* TabBarView.swift in Sources */ = {isa = PBXBuildFile; fileRef = AC9ABE2B2E54FBE200747C83 /* TabBarView.swift */; };
		ACACF1562E056C2D002D6EAF /* Preview Assets.xcassets in Resources */ = {isa = PBXBuildFile; fileRef = ACACF14B2E056C2D002D6EAF /* Preview Assets.xcassets */; };
		ACACF1572E056C2D002D6EAF /* Assets.xcassets in Resources */ = {isa = PBXBuildFile; fileRef = ACACF1502E056C2D002D6EAF /* Assets.xcassets */; };
		ACACF1582E056C2D002D6EAF /* AgriAIApp.swift in Sources */ = {isa = PBXBuildFile; fileRef = ACACF14E2E056C2D002D6EAF /* AgriAIApp.swift */; };
		ACACF1592E056C2D002D6EAF /* AgriAIData.swift in Sources */ = {isa = PBXBuildFile; fileRef = ACACF14F2E056C2D002D6EAF /* AgriAIData.swift */; };
		ACACF15A2E056C2D002D6EAF /* ContentView.swift in Sources */ = {isa = PBXBuildFile; fileRef = ACACF1512E056C2D002D6EAF /* ContentView.swift */; };
		ACACF15B2E056C2D002D6EAF /* DestinationView.swift in Sources */ = {isa = PBXBuildFile; fileRef = ACACF1522E056C2D002D6EAF /* DestinationView.swift */; };
		ACACF15C2E056C2D002D6EAF /* OnBoardingView.swift in Sources */ = {isa = PBXBuildFile; fileRef = ACACF1532E056C2D002D6EAF /* OnBoardingView.swift */; };
		ACACF15D2E056C2D002D6EAF /* StartButtonView.swift in Sources */ = {isa = PBXBuildFile; fileRef = ACACF1542E056C2D002D6EAF /* StartButtonView.swift */; };
		ACACF15F2E056D7F002D6EAF /* DocumentUploadView.swift in Sources */ = {isa = PBXBuildFile; fileRef = ACACF15E2E056D7F002D6EAF /* DocumentUploadView.swift */; };
		ACACF1612E058D3D002D6EAF /* ProfileView.swift in Sources */ = {isa = PBXBuildFile; fileRef = ACACF1602E058D3D002D6EAF /* ProfileView.swift */; };
/* End PBXBuildFile section */

/* Begin PBXFileReference section */
		AC9ABE1D2E54F86700747C83 /* WeatherView.swift */ = {isa = PBXFileReference; lastKnownFileType = sourcecode.swift; path = WeatherView.swift; sourceTree = "<group>"; };
		AC9ABE1F2E54F89000747C83 /* InsightsView.swift */ = {isa = PBXFileReference; lastKnownFileType = sourcecode.swift; path = InsightsView.swift; sourceTree = "<group>"; };
		AC9ABE242E54FA8800747C83 /* RotatingGearsLoadingView.swift */ = {isa = PBXFileReference; lastKnownFileType = sourcecode.swift; path = RotatingGearsLoadingView.swift; sourceTree = "<group>"; };
		AC9ABE262E54FAD600747C83 /* LeafLoadingView.swift */ = {isa = PBXFileReference; lastKnownFileType = sourcecode.swift; path = LeafLoadingView.swift; sourceTree = "<group>"; };
		AC9ABE282E54FAFB00747C83 /* TreeLoadingView.swift */ = {isa = PBXFileReference; lastKnownFileType = sourcecode.swift; path = TreeLoadingView.swift; sourceTree = "<group>"; };
		AC9ABE2B2E54FBE200747C83 /* TabBarView.swift */ = {isa = PBXFileReference; lastKnownFileType = sourcecode.swift; path = TabBarView.swift; sourceTree = "<group>"; };
		ACACF14B2E056C2D002D6EAF /* Preview Assets.xcassets */ = {isa = PBXFileReference; lastKnownFileType = folder.assetcatalog; path = "Preview Assets.xcassets"; sourceTree = "<group>"; };
		ACACF14E2E056C2D002D6EAF /* AgriAIApp.swift */ = {isa = PBXFileReference; lastKnownFileType = sourcecode.swift; path = AgriAIApp.swift; sourceTree = "<group>"; };
		ACACF14F2E056C2D002D6EAF /* AgriAIData.swift */ = {isa = PBXFileReference; lastKnownFileType = sourcecode.swift; path = AgriAIData.swift; sourceTree = "<group>"; };
		ACACF1502E056C2D002D6EAF /* Assets.xcassets */ = {isa = PBXFileReference; lastKnownFileType = folder.assetcatalog; path = Assets.xcassets; sourceTree = "<group>"; };
		ACACF1512E056C2D002D6EAF /* ContentView.swift */ = {isa = PBXFileReference; lastKnownFileType = sourcecode.swift; path = ContentView.swift; sourceTree = "<group>"; };
		ACACF1522E056C2D002D6EAF /* DestinationView.swift */ = {isa = PBXFileReference; lastKnownFileType = sourcecode.swift; path = DestinationView.swift; sourceTree = "<group>"; };
		ACACF1532E056C2D002D6EAF /* OnBoardingView.swift */ = {isa = PBXFileReference; lastKnownFileType = sourcecode.swift; path = OnBoardingView.swift; sourceTree = "<group>"; };
		ACACF1542E056C2D002D6EAF /* StartButtonView.swift */ = {isa = PBXFileReference; lastKnownFileType = sourcecode.swift; path = StartButtonView.swift; sourceTree = "<group>"; };
		ACACF15E2E056D7F002D6EAF /* DocumentUploadView.swift */ = {isa = PBXFileReference; lastKnownFileType = sourcecode.swift; path = DocumentUploadView.swift; sourceTree = "<group>"; };
		ACACF1602E058D3D002D6EAF /* ProfileView.swift */ = {isa = PBXFileReference; lastKnownFileType = sourcecode.swift; path = ProfileView.swift; sourceTree = "<group>"; };
		ACE847772DEEA7C80025385B /* AgriAI.app */ = {isa = PBXFileReference; explicitFileType = wrapper.application; includeInIndex = 0; path = AgriAI.app; sourceTree = BUILT_PRODUCTS_DIR; };
/* End PBXFileReference section */

/* Begin PBXFrameworksBuildPhase section */
		ACE847742DEEA7C80025385B /* Frameworks */ = {
			isa = PBXFrameworksBuildPhase;
			buildActionMask = 2147483647;
			files = (
			);
			runOnlyForDeploymentPostprocessing = 0;
		};
/* End PBXFrameworksBuildPhase section */

/* Begin PBXGroup section */
		AC9ABE212E54F9FD00747C83 /* App */ = {
			isa = PBXGroup;
			children = (
				ACACF14E2E056C2D002D6EAF /* AgriAIApp.swift */,
				ACACF1512E056C2D002D6EAF /* ContentView.swift */,
			);
			path = App;
			sourceTree = "<group>";
		};
		AC9ABE222E54FA1F00747C83 /* Components */ = {
			isa = PBXGroup;
			children = (
				AC9ABE2A2E54FB7100747C83 /* TabBar */,
				AC9ABE232E54FA3100747C83 /* Loaders */,
			);
			path = Components;
			sourceTree = "<group>";
		};
		AC9ABE232E54FA3100747C83 /* Loaders */ = {
			isa = PBXGroup;
			children = (
				AC9ABE262E54FAD600747C83 /* LeafLoadingView.swift */,
				AC9ABE282E54FAFB00747C83 /* TreeLoadingView.swift */,
				AC9ABE242E54FA8800747C83 /* RotatingGearsLoadingView.swift */,
			);
			path = Loaders;
			sourceTree = "<group>";
		};
		AC9ABE2A2E54FB7100747C83 /* TabBar */ = {
			isa = PBXGroup;
			children = (
				AC9ABE2B2E54FBE200747C83 /* TabBarView.swift */,
			);
			path = TabBar;
			sourceTree = "<group>";
		};
		AC9ABE2D2E54FE4600747C83 /* OnBoarding */ = {
			isa = PBXGroup;
			children = (
				ACACF1532E056C2D002D6EAF /* OnBoardingView.swift */,
				ACACF1542E056C2D002D6EAF /* StartButtonView.swift */,
			);
			path = OnBoarding;
			sourceTree = "<group>";
		};
		AC9ABE2E2E54FE5D00747C83 /* Home */ = {
			isa = PBXGroup;
			children = (
				ACACF15E2E056D7F002D6EAF /* DocumentUploadView.swift */,
				ACACF1522E056C2D002D6EAF /* DestinationView.swift */,
				AC9ABE1D2E54F86700747C83 /* WeatherView.swift */,
			);
			path = Home;
			sourceTree = "<group>";
		};
		AC9ABE2F2E54FE6F00747C83 /* Insights */ = {
			isa = PBXGroup;
			children = (
				AC9ABE1F2E54F89000747C83 /* InsightsView.swift */,
			);
			path = Insights;
			sourceTree = "<group>";
		};
		AC9ABE302E54FE8D00747C83 /* Profile */ = {
			isa = PBXGroup;
			children = (
				ACACF1602E058D3D002D6EAF /* ProfileView.swift */,
			);
			path = Profile;
			sourceTree = "<group>";
		};
		ACACF14A2E056C2D002D6EAF /* Model */ = {
			isa = PBXGroup;
			children = (
				ACACF14F2E056C2D002D6EAF /* AgriAIData.swift */,
			);
			path = Model;
			sourceTree = "<group>";
		};
		ACACF14C2E056C2D002D6EAF /* Preview Content */ = {
			isa = PBXGroup;
			children = (
				ACACF14B2E056C2D002D6EAF /* Preview Assets.xcassets */,
			);
			path = "Preview Content";
			sourceTree = "<group>";
		};
		ACACF14D2E056C2D002D6EAF /* View */ = {
			isa = PBXGroup;
			children = (
				AC9ABE2D2E54FE4600747C83 /* OnBoarding */,
				AC9ABE2E2E54FE5D00747C83 /* Home */,
				AC9ABE2F2E54FE6F00747C83 /* Insights */,
				AC9ABE302E54FE8D00747C83 /* Profile */,
			);
			path = View;
			sourceTree = "<group>";
		};
		ACACF1552E056C2D002D6EAF /* AgriAI */ = {
			isa = PBXGroup;
			children = (
				AC9ABE212E54F9FD00747C83 /* App */,
				ACACF14A2E056C2D002D6EAF /* Model */,
				ACACF14D2E056C2D002D6EAF /* View */,
				AC9ABE222E54FA1F00747C83 /* Components */,
				ACACF14C2E056C2D002D6EAF /* Preview Content */,
				ACACF1502E056C2D002D6EAF /* Assets.xcassets */,
			);
			path = AgriAI;
			sourceTree = "<group>";
		};
		ACE8476E2DEEA7C80025385B = {
			isa = PBXGroup;
			children = (
				ACACF1552E056C2D002D6EAF /* AgriAI */,
				ACE847782DEEA7C80025385B /* Products */,
			);
			sourceTree = "<group>";
		};
		ACE847782DEEA7C80025385B /* Products */ = {
			isa = PBXGroup;
			children = (
				ACE847772DEEA7C80025385B /* AgriAI.app */,
			);
			name = Products;
			sourceTree = "<group>";
		};
/* End PBXGroup section */

/* Begin PBXNativeTarget section */
		ACE847762DEEA7C80025385B /* AgriAI */ = {
			isa = PBXNativeTarget;
			buildConfigurationList = ACE847852DEEA7CA0025385B /* Build configuration list for PBXNativeTarget "AgriAI" */;
			buildPhases = (
				ACE847732DEEA7C80025385B /* Sources */,
				ACE847742DEEA7C80025385B /* Frameworks */,
				ACE847752DEEA7C80025385B /* Resources */,
			);
			buildRules = (
			);
			dependencies = (
			);
			name = AgriAI;
			packageProductDependencies = (
			);
			productName = AgriAI;
			productReference = ACE847772DEEA7C80025385B /* AgriAI.app */;
			productType = "com.apple.product-type.application";
		};
/* End PBXNativeTarget section */

/* Begin PBXProject section */
		ACE8476F2DEEA7C80025385B /* Project object */ = {
			isa = PBXProject;
			attributes = {
				BuildIndependentTargetsInParallel = 1;
				LastSwiftUpdateCheck = 1610;
				LastUpgradeCheck = 1610;
				TargetAttributes = {
					ACE847762DEEA7C80025385B = {
						CreatedOnToolsVersion = 16.1;
					};
				};
			};
			buildConfigurationList = ACE847722DEEA7C80025385B /* Build configuration list for PBXProject "AgriAI" */;
			developmentRegion = en;
			hasScannedForEncodings = 0;
			knownRegions = (
				en,
				Base,
			);
			mainGroup = ACE8476E2DEEA7C80025385B;
			minimizedProjectReferenceProxies = 1;
			preferredProjectObjectVersion = 77;
			productRefGroup = ACE847782DEEA7C80025385B /* Products */;
			projectDirPath = "";
			projectRoot = "";
			targets = (
				ACE847762DEEA7C80025385B /* AgriAI */,
			);
		};
/* End PBXProject section */

/* Begin PBXResourcesBuildPhase section */
		ACE847752DEEA7C80025385B /* Resources */ = {
			isa = PBXResourcesBuildPhase;
			buildActionMask = 2147483647;
			files = (
				ACACF1562E056C2D002D6EAF /* Preview Assets.xcassets in Resources */,
				ACACF1572E056C2D002D6EAF /* Assets.xcassets in Resources */,
			);
			runOnlyForDeploymentPostprocessing = 0;
		};
/* End PBXResourcesBuildPhase section */

/* Begin PBXSourcesBuildPhase section */
		ACE847732DEEA7C80025385B /* Sources */ = {
			isa = PBXSourcesBuildPhase;
			buildActionMask = 2147483647;
			files = (
				AC9ABE292E54FAFC00747C83 /* TreeLoadingView.swift in Sources */,
				ACACF1612E058D3D002D6EAF /* ProfileView.swift in Sources */,
				AC9ABE2C2E54FBE200747C83 /* TabBarView.swift in Sources */,
				AC9ABE202E54F89000747C83 /* InsightsView.swift in Sources */,
				ACACF1582E056C2D002D6EAF /* AgriAIApp.swift in Sources */,
				ACACF1592E056C2D002D6EAF /* AgriAIData.swift in Sources */,
				AC9ABE252E54FA8800747C83 /* RotatingGearsLoadingView.swift in Sources */,
				ACACF15F2E056D7F002D6EAF /* DocumentUploadView.swift in Sources */,
				ACACF15A2E056C2D002D6EAF /* ContentView.swift in Sources */,
				ACACF15B2E056C2D002D6EAF /* DestinationView.swift in Sources */,
				AC9ABE1E2E54F86700747C83 /* WeatherView.swift in Sources */,
				AC9ABE272E54FAD600747C83 /* LeafLoadingView.swift in Sources */,
				ACACF15C2E056C2D002D6EAF /* OnBoardingView.swift in Sources */,
				ACACF15D2E056C2D002D6EAF /* StartButtonView.swift in Sources */,
			);
			runOnlyForDeploymentPostprocessing = 0;
		};
/* End PBXSourcesBuildPhase section */

/* Begin XCBuildConfiguration section */
		ACE847832DEEA7CA0025385B /* Debug */ = {
			isa = XCBuildConfiguration;
			buildSettings = {
				ALWAYS_SEARCH_USER_PATHS = NO;
				ASSETCATALOG_COMPILER_GENERATE_SWIFT_ASSET_SYMBOL_EXTENSIONS = YES;
				CLANG_ANALYZER_NONNULL = YES;
				CLANG_ANALYZER_NUMBER_OBJECT_CONVERSION = YES_AGGRESSIVE;
				CLANG_CXX_LANGUAGE_STANDARD = "gnu++20";
				CLANG_ENABLE_MODULES = YES;
				CLANG_ENABLE_OBJC_ARC = YES;
				CLANG_ENABLE_OBJC_WEAK = YES;
				CLANG_WARN_BLOCK_CAPTURE_AUTORELEASING = YES;
				CLANG_WARN_BOOL_CONVERSION = YES;
				CLANG_WARN_COMMA = YES;
				CLANG_WARN_CONSTANT_CONVERSION = YES;
				CLANG_WARN_DEPRECATED_OBJC_IMPLEMENTATIONS = YES;
				CLANG_WARN_DIRECT_OBJC_ISA_USAGE = YES_ERROR;
				CLANG_WARN_DOCUMENTATION_COMMENTS = YES;
				CLANG_WARN_EMPTY_BODY = YES;
				CLANG_WARN_ENUM_CONVERSION = YES;
				CLANG_WARN_INFINITE_RECURSION = YES;
				CLANG_WARN_INT_CONVERSION = YES;
				CLANG_WARN_NON_LITERAL_NULL_CONVERSION = YES;
				CLANG_WARN_OBJC_IMPLICIT_RETAIN_SELF = YES;
				CLANG_WARN_OBJC_LITERAL_CONVERSION = YES;
				CLANG_WARN_OBJC_ROOT_CLASS = YES_ERROR;
				CLANG_WARN_QUOTED_INCLUDE_IN_FRAMEWORK_HEADER = YES;
				CLANG_WARN_RANGE_LOOP_ANALYSIS = YES;
				CLANG_WARN_STRICT_PROTOTYPES = YES;
				CLANG_WARN_SUSPICIOUS_MOVE = YES;
				CLANG_WARN_UNGUARDED_AVAILABILITY = YES_AGGRESSIVE;
				CLANG_WARN_UNREACHABLE_CODE = YES;
				CLANG_WARN__DUPLICATE_METHOD_MATCH = YES;
				COPY_PHASE_STRIP = NO;
				DEBUG_INFORMATION_FORMAT = dwarf;
				ENABLE_STRICT_OBJC_MSGSEND = YES;
				ENABLE_TESTABILITY = YES;
				ENABLE_USER_SCRIPT_SANDBOXING = YES;
				GCC_C_LANGUAGE_STANDARD = gnu17;
				GCC_DYNAMIC_NO_PIC = NO;
				GCC_NO_COMMON_BLOCKS = YES;
				GCC_OPTIMIZATION_LEVEL = 0;
				GCC_PREPROCESSOR_DEFINITIONS = (
					"DEBUG=1",
					"$(inherited)",
				);
				GCC_WARN_64_TO_32_BIT_CONVERSION = YES;
				GCC_WARN_ABOUT_RETURN_TYPE = YES_ERROR;
				GCC_WARN_UNDECLARED_SELECTOR = YES;
				GCC_WARN_UNINITIALIZED_AUTOS = YES_AGGRESSIVE;
				GCC_WARN_UNUSED_FUNCTION = YES;
				GCC_WARN_UNUSED_VARIABLE = YES;
				IPHONEOS_DEPLOYMENT_TARGET = 18.1;
				LOCALIZATION_PREFERS_STRING_CATALOGS = YES;
				MTL_ENABLE_DEBUG_INFO = INCLUDE_SOURCE;
				MTL_FAST_MATH = YES;
				ONLY_ACTIVE_ARCH = YES;
				SDKROOT = iphoneos;
				SWIFT_ACTIVE_COMPILATION_CONDITIONS = "DEBUG $(inherited)";
				SWIFT_OPTIMIZATION_LEVEL = "-Onone";
			};
			name = Debug;
		};
		ACE847842DEEA7CA0025385B /* Release */ = {
			isa = XCBuildConfiguration;
			buildSettings = {
				ALWAYS_SEARCH_USER_PATHS = NO;
				ASSETCATALOG_COMPILER_GENERATE_SWIFT_ASSET_SYMBOL_EXTENSIONS = YES;
				CLANG_ANALYZER_NONNULL = YES;
				CLANG_ANALYZER_NUMBER_OBJECT_CONVERSION = YES_AGGRESSIVE;
				CLANG_CXX_LANGUAGE_STANDARD = "gnu++20";
				CLANG_ENABLE_MODULES = YES;
				CLANG_ENABLE_OBJC_ARC = YES;
				CLANG_ENABLE_OBJC_WEAK = YES;
				CLANG_WARN_BLOCK_CAPTURE_AUTORELEASING = YES;
				CLANG_WARN_BOOL_CONVERSION = YES;
				CLANG_WARN_COMMA = YES;
				CLANG_WARN_CONSTANT_CONVERSION = YES;
				CLANG_WARN_DEPRECATED_OBJC_IMPLEMENTATIONS = YES;
				CLANG_WARN_DIRECT_OBJC_ISA_USAGE = YES_ERROR;
				CLANG_WARN_DOCUMENTATION_COMMENTS = YES;
				CLANG_WARN_EMPTY_BODY = YES;
				CLANG_WARN_ENUM_CONVERSION = YES;
				CLANG_WARN_INFINITE_RECURSION = YES;
				CLANG_WARN_INT_CONVERSION = YES;
				CLANG_WARN_NON_LITERAL_NULL_CONVERSION = YES;
				CLANG_WARN_OBJC_IMPLICIT_RETAIN_SELF = YES;
				CLANG_WARN_OBJC_LITERAL_CONVERSION = YES;
				CLANG_WARN_OBJC_ROOT_CLASS = YES_ERROR;
				CLANG_WARN_QUOTED_INCLUDE_IN_FRAMEWORK_HEADER = YES;
				CLANG_WARN_RANGE_LOOP_ANALYSIS = YES;
				CLANG_WARN_STRICT_PROTOTYPES = YES;
				CLANG_WARN_SUSPICIOUS_MOVE = YES;
				CLANG_WARN_UNGUARDED_AVAILABILITY = YES_AGGRESSIVE;
				CLANG_WARN_UNREACHABLE_CODE = YES;
				CLANG_WARN__DUPLICATE_METHOD_MATCH = YES;
				COPY_PHASE_STRIP = NO;
				DEBUG_INFORMATION_FORMAT = "dwarf-with-dsym";
				ENABLE_NS_ASSERTIONS = NO;
				ENABLE_STRICT_OBJC_MSGSEND = YES;
				ENABLE_USER_SCRIPT_SANDBOXING = YES;
				GCC_C_LANGUAGE_STANDARD = gnu17;
				GCC_NO_COMMON_BLOCKS = YES;
				GCC_WARN_64_TO_32_BIT_CONVERSION = YES;
				GCC_WARN_ABOUT_RETURN_TYPE = YES_ERROR;
				GCC_WARN_UNDECLARED_SELECTOR = YES;
				GCC_WARN_UNINITIALIZED_AUTOS = YES_AGGRESSIVE;
				GCC_WARN_UNUSED_FUNCTION = YES;
				GCC_WARN_UNUSED_VARIABLE = YES;
				IPHONEOS_DEPLOYMENT_TARGET = 18.1;
				LOCALIZATION_PREFERS_STRING_CATALOGS = YES;
				MTL_ENABLE_DEBUG_INFO = NO;
				MTL_FAST_MATH = YES;
				SDKROOT = iphoneos;
				SWIFT_COMPILATION_MODE = wholemodule;
				VALIDATE_PRODUCT = YES;
			};
			name = Release;
		};
		ACE847862DEEA7CA0025385B /* Debug */ = {
			isa = XCBuildConfiguration;
			buildSettings = {
				ASSETCATALOG_COMPILER_APPICON_NAME = AppIcon;
				ASSETCATALOG_COMPILER_GLOBAL_ACCENT_COLOR_NAME = AccentColor;
				CODE_SIGN_STYLE = Automatic;
				CURRENT_PROJECT_VERSION = 1;
				DEVELOPMENT_ASSET_PATHS = "\"AgriAI/Preview Content\"";
				DEVELOPMENT_TEAM = K4K55XNXA6;
				ENABLE_PREVIEWS = YES;
				GENERATE_INFOPLIST_FILE = YES;
				INFOPLIST_KEY_NSCameraUsageDescription = "We need access to your camera to scan crops or soil";
				INFOPLIST_KEY_UIApplicationSceneManifest_Generation = YES;
				INFOPLIST_KEY_UIApplicationSupportsIndirectInputEvents = YES;
				INFOPLIST_KEY_UILaunchScreen_Generation = YES;
				INFOPLIST_KEY_UISupportedInterfaceOrientations_iPad = "UIInterfaceOrientationPortrait UIInterfaceOrientationPortraitUpsideDown UIInterfaceOrientationLandscapeLeft UIInterfaceOrientationLandscapeRight";
				INFOPLIST_KEY_UISupportedInterfaceOrientations_iPhone = "UIInterfaceOrientationPortrait UIInterfaceOrientationLandscapeLeft UIInterfaceOrientationLandscapeRight";
				LD_RUNPATH_SEARCH_PATHS = (
					"$(inherited)",
					"@executable_path/Frameworks",
				);
				MARKETING_VERSION = 1.0;
				PRODUCT_BUNDLE_IDENTIFIER = com.example.AgriAI;
				PRODUCT_NAME = "$(TARGET_NAME)";
				SWIFT_EMIT_LOC_STRINGS = YES;
				SWIFT_VERSION = 5.0;
				TARGETED_DEVICE_FAMILY = "1,2";
			};
			name = Debug;
		};
		ACE847872DEEA7CA0025385B /* Release */ = {
			isa = XCBuildConfiguration;
			buildSettings = {
				ASSETCATALOG_COMPILER_APPICON_NAME = AppIcon;
				ASSETCATALOG_COMPILER_GLOBAL_ACCENT_COLOR_NAME = AccentColor;
				CODE_SIGN_STYLE = Automatic;
				CURRENT_PROJECT_VERSION = 1;
				DEVELOPMENT_ASSET_PATHS = "\"AgriAI/Preview Content\"";
				DEVELOPMENT_TEAM = K4K55XNXA6;
				ENABLE_PREVIEWS = YES;
				GENERATE_INFOPLIST_FILE = YES;
				INFOPLIST_KEY_NSCameraUsageDescription = "We need access to your camera to scan crops or soil";
				INFOPLIST_KEY_UIApplicationSceneManifest_Generation = YES;
				INFOPLIST_KEY_UIApplicationSupportsIndirectInputEvents = YES;
				INFOPLIST_KEY_UILaunchScreen_Generation = YES;
				INFOPLIST_KEY_UISupportedInterfaceOrientations_iPad = "UIInterfaceOrientationPortrait UIInterfaceOrientationPortraitUpsideDown UIInterfaceOrientationLandscapeLeft UIInterfaceOrientationLandscapeRight";
				INFOPLIST_KEY_UISupportedInterfaceOrientations_iPhone = "UIInterfaceOrientationPortrait UIInterfaceOrientationLandscapeLeft UIInterfaceOrientationLandscapeRight";
				LD_RUNPATH_SEARCH_PATHS = (
					"$(inherited)",
					"@executable_path/Frameworks",
				);
				MARKETING_VERSION = 1.0;
				PRODUCT_BUNDLE_IDENTIFIER = com.example.AgriAI;
				PRODUCT_NAME = "$(TARGET_NAME)";
				SWIFT_EMIT_LOC_STRINGS = YES;
				SWIFT_VERSION = 5.0;
				TARGETED_DEVICE_FAMILY = "1,2";
			};
			name = Release;
		};
/* End XCBuildConfiguration section */

/* Begin XCConfigurationList section */
		ACE847722DEEA7C80025385B /* Build configuration list for PBXProject "AgriAI" */ = {
			isa = XCConfigurationList;
			buildConfigurations = (
				ACE847832DEEA7CA0025385B /* Debug */,
				ACE847842DEEA7CA0025385B /* Release */,
			);
			defaultConfigurationIsVisible = 0;
			defaultConfigurationName = Release;
		};
		ACE847852DEEA7CA0025385B /* Build configuration list for PBXNativeTarget "AgriAI" */ = {
			isa = XCConfigurationList;
			buildConfigurations = (
				ACE847862DEEA7CA0025385B /* Debug */,
				ACE847872DEEA7CA0025385B /* Release */,
			);
			defaultConfigurationIsVisible = 0;
			defaultConfigurationName = Release;
		};
/* End XCConfigurationList section */
	};
	rootObject = ACE8476F2DEEA7C80025385B /* Project object */;
}
